<?xml version="1.0" encoding="utf-8"?>
<Project ToolsVersion="4.0" xmlns="http://schemas.microsoft.com/developer/msbuild/2003">
  <ItemGroup>
    <Filter Include="源文件">
      <UniqueIdentifier>{4FC737F1-C7A5-4376-A066-2A32D752A2FF}</UniqueIdentifier>
      <Extensions>cpp;c;cc;cxx;c++;cppm;ixx;def;odl;idl;hpj;bat;asm;asmx</Extensions>
    </Filter>
    <Filter Include="头文件">
      <UniqueIdentifier>{93995380-89BD-4b04-88EB-625FBE52EBFB}</UniqueIdentifier>
      <Extensions>h;hh;hpp;hxx;h++;hm;inl;inc;ipp;xsd</Extensions>
    </Filter>
    <Filter Include="资源文件">
      <UniqueIdentifier>{67DA6AB6-F800-4c08-8B7A-83BB121AAD01}</UniqueIdentifier>
      <Extensions>rc;ico;cur;bmp;dlg;rc2;rct;bin;rgs;gif;jpg;jpeg;jpe;resx;tiff;tif;png;wav;mfcribbon-ms</Extensions>
    </Filter>
    <Filter Include="src">
      <UniqueIdentifier>{ce223ac6-a7c0-49c8-857d-bcae3a8b48eb}</UniqueIdentifier>
    </Filter>
    <Filter Include="src\items">
      <UniqueIdentifier>{9e64e634-b5c8-4f23-9f7e-b35f1604a72a}</UniqueIdentifier>
    </Filter>
    <Filter Include="src\myWindows">
      <UniqueIdentifier>{4fe9662a-8955-4eb7-a8f8-6b97f56f8178}</UniqueIdentifier>
    </Filter>
    <Filter Include="src\structs">
      <UniqueIdentifier>{066e136a-d2bd-429c-a5f8-ef1212f7144b}</UniqueIdentifier>
    </Filter>
  </ItemGroup>
  <ItemGroup>
    <ClCompile Include="block.cpp">
      <Filter>src\items</Filter>
    </ClCompile>
    <ClCompile Include="colorList.cpp">
      <Filter>src\items</Filter>
    </ClCompile>
    <ClCompile Include="gameManager.cpp">
      <Filter>src\myWindows</Filter>
    </ClCompile>
    <ClCompile Include="Gamer.cpp">
      <Filter>src\myWindows</Filter>
    </ClCompile>
    <ClCompile Include="gameWindow.cpp">
      <Filter>src\myWindows</Filter>
    </ClCompile>
    <ClCompile Include="drawArea.cpp">
      <Filter>src\structs</Filter>
    </ClCompile>
    <ClCompile Include="myPoint.cpp">
      <Filter>src\structs</Filter>
    </ClCompile>
    <ClCompile Include="源.cpp">
      <Filter>src</Filter>
    </ClCompile>
  </ItemGroup>
  <ItemGroup>
    <ClInclude Include="block.h">
      <Filter>src\items</Filter>
    </ClInclude>
    <ClInclude Include="blockType.h">
      <Filter>src\items</Filter>
    </ClInclude>
    <ClInclude Include="colorList.h">
      <Filter>src\items</Filter>
    </ClInclude>
    <ClInclude Include="gameManager.h">
      <Filter>src\myWindows</Filter>
    </ClInclude>
    <ClInclude Include="Gamer.h">
      <Filter>src\myWindows</Filter>
    </ClInclude>
    <ClInclude Include="gameWindow.h">
      <Filter>src\myWindows</Filter>
    </ClInclude>
    <ClInclude Include="drawArea.h">
      <Filter>src\structs</Filter>
    </ClInclude>
    <ClInclude Include="myPoint.h">
      <Filter>src\structs</Filter>
    </ClInclude>
  </ItemGroup>
</Project>